{
  "originHash" : "75b93f55294317439a977e00a9a5a0c8da0ca0becb3eab18cd03c84b26080e2e",
  "pins" : [
    {
      "identity" : "capacitor-swift-pm",
      "kind" : "remoteSourceControl",
      "location" : "https://github.com/ionic-team/capacitor-swift-pm.git",
      "state" : {
        "revision" : "3e7ccfb8ab4d321ffcbd4e490234758e139f8a09",
        "version" : "8.0.1"
      }
    },
    {
      "identity" : "ion-ios-filesystem",
      "kind" : "remoteSourceControl",
      "location" : "https://github.com/ionic-team/ion-ios-filesystem.git",
      "state" : {
        "revision" : "dd9052cfb55b70771d04deb427f94e19ea31c372",
        "version" : "1.0.1"
      }
    }
  ],
  "version" : 3
}
